// !$*UTF8*$!
{
	archiveVersion = 1;
	classes = {
	};
	objectVersion = 50;
	objects = {

/* Begin PBXBuildFile section */
		0327BBBB209D7D3B0076C296 /* AppDelegate.m in Sources */ = {isa = PBXBuildFile; fileRef = 0327BBBA209D7D3B0076C296 /* AppDelegate.m */; };
		0327BBC1209D7D3B0076C296 /* Main.storyboard in Resources */ = {isa = PBXBuildFile; fileRef = 0327BBBF209D7D3B0076C296 /* Main.storyboard */; };
		0327BBC3209D7D3C0076C296 /* Assets.xcassets in Resources */ = {isa = PBXBuildFile; fileRef = 0327BBC2209D7D3C0076C296 /* Assets.xcassets */; };
		0327BBC6209D7D3C0076C296 /* LaunchScreen.storyboard in Resources */ = {isa = PBXBuildFile; fileRef = 0327BBC4209D7D3C0076C296 /* LaunchScreen.storyboard */; };
		0327BBC9209D7D3C0076C296 /* main.m in Sources */ = {isa = PBXBuildFile; fileRef = 0327BBC8209D7D3C0076C296 /* main.m */; };
		0327BBD3209D7D7D0076C296 /* BaseInteractor.m in Sources */ = {isa = PBXBuildFile; fileRef = 0327BBD2209D7D7D0076C296 /* BaseInteractor.m */; };
		0327BBD8209D7F470076C296 /* BaseViewController.m in Sources */ = {isa = PBXBuildFile; fileRef = 0327BBD7209D7F470076C296 /* BaseViewController.m */; };
		0327BBE1209D7FEB0076C296 /* LoginInteractor.m in Sources */ = {isa = PBXBuildFile; fileRef = 0327BBE0209D7FEB0076C296 /* LoginInteractor.m */; };
		0327BBE5209D81DE0076C296 /* HomeInteractor.m in Sources */ = {isa = PBXBuildFile; fileRef = 0327BBE4209D81DE0076C296 /* HomeInteractor.m */; };
		0327BBED209D83680076C296 /* LoginViewController.m in Sources */ = {isa = PBXBuildFile; fileRef = 0327BBEB209D83680076C296 /* LoginViewController.m */; };
		0327BBF6209D84850076C296 /* HomeViewController.m in Sources */ = {isa = PBXBuildFile; fileRef = 0327BBF4209D84850076C296 /* HomeViewController.m */; };
		0327BBFB209D95B10076C296 /* RegistrationViewController.m in Sources */ = {isa = PBXBuildFile; fileRef = 0327BBFA209D95B10076C296 /* RegistrationViewController.m */; };
		0327BBFF209D95C30076C296 /* RegistrationInteractor.m in Sources */ = {isa = PBXBuildFile; fileRef = 0327BBFE209D95C30076C296 /* RegistrationInteractor.m */; };
		0327BC07209DA30D0076C296 /* MAVICTests.m in Sources */ = {isa = PBXBuildFile; fileRef = 0327BC06209DA30D0076C296 /* MAVICTests.m */; };
		0327BDD420AA98DD0076C296 /* TestInteractor.m in Sources */ = {isa = PBXBuildFile; fileRef = 0327BDD320AA98DD0076C296 /* TestInteractor.m */; };
/* End PBXBuildFile section */

/* Begin PBXContainerItemProxy section */
		0327BC09209DA30D0076C296 /* PBXContainerItemProxy */ = {
			isa = PBXContainerItemProxy;
			containerPortal = 0327BBAE209D7D3B0076C296 /* Project object */;
			proxyType = 1;
			remoteGlobalIDString = 0327BBB5209D7D3B0076C296;
			remoteInfo = MAVIC;
		};
/* End PBXContainerItemProxy section */

/* Begin PBXFileReference section */
		0327BBB6209D7D3B0076C296 /* MAVIC.app */ = {isa = PBXFileReference; explicitFileType = wrapper.application; includeInIndex = 0; path = MAVIC.app; sourceTree = BUILT_PRODUCTS_DIR; };
		0327BBB9209D7D3B0076C296 /* AppDelegate.h */ = {isa = PBXFileReference; lastKnownFileType = sourcecode.c.h; path = AppDelegate.h; sourceTree = "<group>"; };
		0327BBBA209D7D3B0076C296 /* AppDelegate.m */ = {isa = PBXFileReference; lastKnownFileType = sourcecode.c.objc; path = AppDelegate.m; sourceTree = "<group>"; };
		0327BBC0209D7D3B0076C296 /* Base */ = {isa = PBXFileReference; lastKnownFileType = file.storyboard; name = Base; path = Base.lproj/Main.storyboard; sourceTree = "<group>"; };
		0327BBC2209D7D3C0076C296 /* Assets.xcassets */ = {isa = PBXFileReference; lastKnownFileType = folder.assetcatalog; path = Assets.xcassets; sourceTree = "<group>"; };
		0327BBC5209D7D3C0076C296 /* Base */ = {isa = PBXFileReference; lastKnownFileType = file.storyboard; name = Base; path = Base.lproj/LaunchScreen.storyboard; sourceTree = "<group>"; };
		0327BBC7209D7D3C0076C296 /* Info.plist */ = {isa = PBXFileReference; lastKnownFileType = text.plist.xml; path = Info.plist; sourceTree = "<group>"; };
		0327BBC8209D7D3C0076C296 /* main.m */ = {isa = PBXFileReference; lastKnownFileType = sourcecode.c.objc; path = main.m; sourceTree = "<group>"; };
		0327BBD1209D7D7D0076C296 /* BaseInteractor.h */ = {isa = PBXFileReference; lastKnownFileType = sourcecode.c.h; path = BaseInteractor.h; sourceTree = "<group>"; };
		0327BBD2209D7D7D0076C296 /* BaseInteractor.m */ = {isa = PBXFileReference; lastKnownFileType = sourcecode.c.objc; path = BaseInteractor.m; sourceTree = "<group>"; };
		0327BBD4209D7D850076C296 /* BaseInteractor+Private.h */ = {isa = PBXFileReference; lastKnownFileType = sourcecode.c.h; path = "BaseInteractor+Private.h"; sourceTree = "<group>"; };
		0327BBD6209D7F470076C296 /* BaseViewController.h */ = {isa = PBXFileReference; lastKnownFileType = sourcecode.c.h; path = BaseViewController.h; sourceTree = "<group>"; };
		0327BBD7209D7F470076C296 /* BaseViewController.m */ = {isa = PBXFileReference; lastKnownFileType = sourcecode.c.objc; path = BaseViewController.m; sourceTree = "<group>"; };
		0327BBDF209D7FEB0076C296 /* LoginInteractor.h */ = {isa = PBXFileReference; lastKnownFileType = sourcecode.c.h; path = LoginInteractor.h; sourceTree = "<group>"; };
		0327BBE0209D7FEB0076C296 /* LoginInteractor.m */ = {isa = PBXFileReference; lastKnownFileType = sourcecode.c.objc; path = LoginInteractor.m; sourceTree = "<group>"; };
		0327BBE3209D81DE0076C296 /* HomeInteractor.h */ = {isa = PBXFileReference; lastKnownFileType = sourcecode.c.h; path = HomeInteractor.h; sourceTree = "<group>"; };
		0327BBE4209D81DE0076C296 /* HomeInteractor.m */ = {isa = PBXFileReference; lastKnownFileType = sourcecode.c.objc; path = HomeInteractor.m; sourceTree = "<group>"; };
		0327BBEA209D83680076C296 /* LoginViewController.h */ = {isa = PBXFileReference; lastKnownFileType = sourcecode.c.h; path = LoginViewController.h; sourceTree = "<group>"; };
		0327BBEB209D83680076C296 /* LoginViewController.m */ = {isa = PBXFileReference; lastKnownFileType = sourcecode.c.objc; path = LoginViewController.m; sourceTree = "<group>"; };
		0327BBF3209D84850076C296 /* HomeViewController.h */ = {isa = PBXFileReference; lastKnownFileType = sourcecode.c.h; path = HomeViewController.h; sourceTree = "<group>"; };
		0327BBF4209D84850076C296 /* HomeViewController.m */ = {isa = PBXFileReference; lastKnownFileType = sourcecode.c.objc; path = HomeViewController.m; sourceTree = "<group>"; };
		0327BBF9209D95B10076C296 /* RegistrationViewController.h */ = {isa = PBXFileReference; lastKnownFileType = sourcecode.c.h; path = RegistrationViewController.h; sourceTree = "<group>"; };
		0327BBFA209D95B10076C296 /* RegistrationViewController.m */ = {isa = PBXFileReference; lastKnownFileType = sourcecode.c.objc; path = RegistrationViewController.m; sourceTree = "<group>"; };
		0327BBFD209D95C30076C296 /* RegistrationInteractor.h */ = {isa = PBXFileReference; lastKnownFileType = sourcecode.c.h; path = RegistrationInteractor.h; sourceTree = "<group>"; };
		0327BBFE209D95C30076C296 /* RegistrationInteractor.m */ = {isa = PBXFileReference; lastKnownFileType = sourcecode.c.objc; path = RegistrationInteractor.m; sourceTree = "<group>"; };
		0327BC04209DA30D0076C296 /* MAVICTests.xctest */ = {isa = PBXFileReference; explicitFileType = wrapper.cfbundle; includeInIndex = 0; path = MAVICTests.xctest; sourceTree = BUILT_PRODUCTS_DIR; };
		0327BC06209DA30D0076C296 /* MAVICTests.m */ = {isa = PBXFileReference; lastKnownFileType = sourcecode.c.objc; path = MAVICTests.m; sourceTree = "<group>"; };
		0327BC08209DA30D0076C296 /* Info.plist */ = {isa = PBXFileReference; lastKnownFileType = text.plist.xml; path = Info.plist; sourceTree = "<group>"; };
		0327BDD220AA98DD0076C296 /* TestInteractor.h */ = {isa = PBXFileReference; lastKnownFileType = sourcecode.c.h; path = TestInteractor.h; sourceTree = "<group>"; };
		0327BDD320AA98DD0076C296 /* TestInteractor.m */ = {isa = PBXFileReference; lastKnownFileType = sourcecode.c.objc; path = TestInteractor.m; sourceTree = "<group>"; };
/* End PBXFileReference section */

/* Begin PBXFrameworksBuildPhase section */
		0327BBB3209D7D3B0076C296 /* Frameworks */ = {
			isa = PBXFrameworksBuildPhase;
			buildActionMask = 2147483647;
			files = (
			);
			runOnlyForDeploymentPostprocessing = 0;
		};
		0327BC01209DA30D0076C296 /* Frameworks */ = {
			isa = PBXFrameworksBuildPhase;
			buildActionMask = 2147483647;
			files = (
			);
			runOnlyForDeploymentPostprocessing = 0;
		};
/* End PBXFrameworksBuildPhase section */

/* Begin PBXGroup section */
		0327BBAD209D7D3B0076C296 = {
			isa = PBXGroup;
			children = (
				0327BBB8209D7D3B0076C296 /* MAVIC */,
				0327BC05209DA30D0076C296 /* MAVICTests */,
				0327BBB7209D7D3B0076C296 /* Products */,
			);
			sourceTree = "<group>";
		};
		0327BBB7209D7D3B0076C296 /* Products */ = {
			isa = PBXGroup;
			children = (
				0327BBB6209D7D3B0076C296 /* MAVIC.app */,
				0327BC04209DA30D0076C296 /* MAVICTests.xctest */,
			);
			name = Products;
			sourceTree = "<group>";
		};
		0327BBB8209D7D3B0076C296 /* MAVIC */ = {
			isa = PBXGroup;
			children = (
				0327BBB9209D7D3B0076C296 /* AppDelegate.h */,
				0327BBBA209D7D3B0076C296 /* AppDelegate.m */,
				0327BBCF209D7D5A0076C296 /* Base Classes */,
				0327BBD9209D7FAE0076C296 /* View Controller(s) */,
				0327BBBF209D7D3B0076C296 /* Main.storyboard */,
				0327BBC2209D7D3C0076C296 /* Assets.xcassets */,
				0327BBC4209D7D3C0076C296 /* LaunchScreen.storyboard */,
				0327BBC7209D7D3C0076C296 /* Info.plist */,
				0327BBC8209D7D3C0076C296 /* main.m */,
			);
			path = MAVIC;
			sourceTree = "<group>";
		};
		0327BBCF209D7D5A0076C296 /* Base Classes */ = {
			isa = PBXGroup;
			children = (
				0327BBD0209D7D620076C296 /* Base Interactor */,
				0327BBD5209D7F330076C296 /* Base View Controller */,
			);
			path = "Base Classes";
			sourceTree = "<group>";
		};
		0327BBD0209D7D620076C296 /* Base Interactor */ = {
			isa = PBXGroup;
			children = (
				0327BBD4209D7D850076C296 /* BaseInteractor+Private.h */,
				0327BBD1209D7D7D0076C296 /* BaseInteractor.h */,
				0327BBD2209D7D7D0076C296 /* BaseInteractor.m */,
			);
			path = "Base Interactor";
			sourceTree = "<group>";
		};
		0327BBD5209D7F330076C296 /* Base View Controller */ = {
			isa = PBXGroup;
			children = (
				0327BBD6209D7F470076C296 /* BaseViewController.h */,
				0327BBD7209D7F470076C296 /* BaseViewController.m */,
			);
			path = "Base View Controller";
			sourceTree = "<group>";
		};
		0327BBD9209D7FAE0076C296 /* View Controller(s) */ = {
			isa = PBXGroup;
			children = (
				0327BBDA209D7FB80076C296 /* Login View Controller */,
				0327BBF8209D959E0076C296 /* Registration View Controller */,
				0327BBE2209D81A20076C296 /* Home View Controller */,
			);
			path = "View Controller(s)";
			sourceTree = "<group>";
		};
		0327BBDA209D7FB80076C296 /* Login View Controller */ = {
			isa = PBXGroup;
			children = (
				0327BBDE209D7FDB0076C296 /* Login Interactor */,
				0327BBEA209D83680076C296 /* LoginViewController.h */,
				0327BBEB209D83680076C296 /* LoginViewController.m */,
			);
			path = "Login View Controller";
			sourceTree = "<group>";
		};
		0327BBDE209D7FDB0076C296 /* Login Interactor */ = {
			isa = PBXGroup;
			children = (
				0327BBDF209D7FEB0076C296 /* LoginInteractor.h */,
				0327BBE0209D7FEB0076C296 /* LoginInteractor.m */,
			);
			path = "Login Interactor";
			sourceTree = "<group>";
		};
		0327BBE2209D81A20076C296 /* Home View Controller */ = {
			isa = PBXGroup;
			children = (
				0327BBE6209D83300076C296 /* Home Interactor */,
				0327BBF3209D84850076C296 /* HomeViewController.h */,
				0327BBF4209D84850076C296 /* HomeViewController.m */,
			);
			path = "Home View Controller";
			sourceTree = "<group>";
		};
		0327BBE6209D83300076C296 /* Home Interactor */ = {
			isa = PBXGroup;
			children = (
				0327BBE3209D81DE0076C296 /* HomeInteractor.h */,
				0327BBE4209D81DE0076C296 /* HomeInteractor.m */,
			);
			path = "Home Interactor";
			sourceTree = "<group>";
		};
		0327BBF8209D959E0076C296 /* Registration View Controller */ = {
			isa = PBXGroup;
			children = (
				0327BBFC209D95B50076C296 /* Registration Interactor */,
				0327BBF9209D95B10076C296 /* RegistrationViewController.h */,
				0327BBFA209D95B10076C296 /* RegistrationViewController.m */,
			);
			path = "Registration View Controller";
			sourceTree = "<group>";
		};
		0327BBFC209D95B50076C296 /* Registration Interactor */ = {
			isa = PBXGroup;
			children = (
				0327BBFD209D95C30076C296 /* RegistrationInteractor.h */,
				0327BBFE209D95C30076C296 /* RegistrationInteractor.m */,
			);
			path = "Registration Interactor";
			sourceTree = "<group>";
		};
		0327BC05209DA30D0076C296 /* MAVICTests */ = {
			isa = PBXGroup;
			children = (
				0327BDD120AA98C90076C296 /* TestInteractor */,
				0327BC06209DA30D0076C296 /* MAVICTests.m */,
				0327BC08209DA30D0076C296 /* Info.plist */,
			);
			path = MAVICTests;
			sourceTree = "<group>";
		};
		0327BDD120AA98C90076C296 /* TestInteractor */ = {
			isa = PBXGroup;
			children = (
				0327BDD220AA98DD0076C296 /* TestInteractor.h */,
				0327BDD320AA98DD0076C296 /* TestInteractor.m */,
			);
			path = TestInteractor;
			sourceTree = "<group>";
		};
/* End PBXGroup section */

/* Begin PBXNativeTarget section */
		0327BBB5209D7D3B0076C296 /* MAVIC */ = {
			isa = PBXNativeTarget;
			buildConfigurationList = 0327BBCC209D7D3C0076C296 /* Build configuration list for PBXNativeTarget "MAVIC" */;
			buildPhases = (
				0327BBB2209D7D3B0076C296 /* Sources */,
				0327BBB3209D7D3B0076C296 /* Frameworks */,
				0327BBB4209D7D3B0076C296 /* Resources */,
			);
			buildRules = (
			);
			dependencies = (
			);
			name = MAVIC;
			productName = MAVIC;
			productReference = 0327BBB6209D7D3B0076C296 /* MAVIC.app */;
			productType = "com.apple.product-type.application";
		};
		0327BC03209DA30D0076C296 /* MAVICTests */ = {
			isa = PBXNativeTarget;
			buildConfigurationList = 0327BC0D209DA30D0076C296 /* Build configuration list for PBXNativeTarget "MAVICTests" */;
			buildPhases = (
				0327BC00209DA30D0076C296 /* Sources */,
				0327BC01209DA30D0076C296 /* Frameworks */,
				0327BC02209DA30D0076C296 /* Resources */,
			);
			buildRules = (
			);
			dependencies = (
				0327BC0A209DA30D0076C296 /* PBXTargetDependency */,
			);
			name = MAVICTests;
			productName = MAVICTests;
			productReference = 0327BC04209DA30D0076C296 /* MAVICTests.xctest */;
			productType = "com.apple.product-type.bundle.unit-test";
		};
/* End PBXNativeTarget section */

/* Begin PBXProject section */
		0327BBAE209D7D3B0076C296 /* Project object */ = {
			isa = PBXProject;
			attributes = {
				LastUpgradeCheck = 0930;
				ORGANIZATIONNAME = "Filip Busic";
				TargetAttributes = {
					0327BBB5209D7D3B0076C296 = {
						CreatedOnToolsVersion = 9.3;
					};
					0327BC03209DA30D0076C296 = {
						CreatedOnToolsVersion = 9.3;
						TestTargetID = 0327BBB5209D7D3B0076C296;
					};
				};
			};
			buildConfigurationList = 0327BBB1209D7D3B0076C296 /* Build configuration list for PBXProject "MAVIC" */;
			compatibilityVersion = "Xcode 9.3";
			developmentRegion = en;
			hasScannedForEncodings = 0;
			knownRegions = (
				en,
				Base,
			);
			mainGroup = 0327BBAD209D7D3B0076C296;
			productRefGroup = 0327BBB7209D7D3B0076C296 /* Products */;
			projectDirPath = "";
			projectRoot = "";
			targets = (
				0327BBB5209D7D3B0076C296 /* MAVIC */,
				0327BC03209DA30D0076C296 /* MAVICTests */,
			);
		};
/* End PBXProject section */

/* Begin PBXResourcesBuildPhase section */
		0327BBB4209D7D3B0076C296 /* Resources */ = {
			isa = PBXResourcesBuildPhase;
			buildActionMask = 2147483647;
			files = (
				0327BBC6209D7D3C0076C296 /* LaunchScreen.storyboard in Resources */,
				0327BBC3209D7D3C0076C296 /* Assets.xcassets in Resources */,
				0327BBC1209D7D3B0076C296 /* Main.storyboard in Resources */,
			);
			runOnlyForDeploymentPostprocessing = 0;
		};
		0327BC02209DA30D0076C296 /* Resources */ = {
			isa = PBXResourcesBuildPhase;
			buildActionMask = 2147483647;
			files = (
			);
			runOnlyForDeploymentPostprocessing = 0;
		};
/* End PBXResourcesBuildPhase section */

/* Begin PBXSourcesBuildPhase section */
		0327BBB2209D7D3B0076C296 /* Sources */ = {
			isa = PBXSourcesBuildPhase;
			buildActionMask = 2147483647;
			files = (
				0327BBED209D83680076C296 /* LoginViewController.m in Sources */,
				0327BBE1209D7FEB0076C296 /* LoginInteractor.m in Sources */,
				0327BBD8209D7F470076C296 /* BaseViewController.m in Sources */,
				0327BBFF209D95C30076C296 /* RegistrationInteractor.m in Sources */,
				0327BBD3209D7D7D0076C296 /* BaseInteractor.m in Sources */,
				0327BBC9209D7D3C0076C296 /* main.m in Sources */,
				0327BBF6209D84850076C296 /* HomeViewController.m in Sources */,
				0327BBE5209D81DE0076C296 /* HomeInteractor.m in Sources */,
				0327BBFB209D95B10076C296 /* RegistrationViewController.m in Sources */,
				0327BBBB209D7D3B0076C296 /* AppDelegate.m in Sources */,
			);
			runOnlyForDeploymentPostprocessing = 0;
		};
		0327BC00209DA30D0076C296 /* Sources */ = {
			isa = PBXSourcesBuildPhase;
			buildActionMask = 2147483647;
			files = (
				0327BDD420AA98DD0076C296 /* TestInteractor.m in Sources */,
				0327BC07209DA30D0076C296 /* MAVICTests.m in Sources */,
			);
			runOnlyForDeploymentPostprocessing = 0;
		};
/* End PBXSourcesBuildPhase section */

/* Begin PBXTargetDependency section */
		0327BC0A209DA30D0076C296 /* PBXTargetDependency */ = {
			isa = PBXTargetDependency;
			target = 0327BBB5209D7D3B0076C296 /* MAVIC */;
			targetProxy = 0327BC09209DA30D0076C296 /* PBXContainerItemProxy */;
		};
/* End PBXTargetDependency section */

/* Begin PBXVariantGroup section */
		0327BBBF209D7D3B0076C296 /* Main.storyboard */ = {
			isa = PBXVariantGroup;
			children = (
				0327BBC0209D7D3B0076C296 /* Base */,
			);
			name = Main.storyboard;
			sourceTree = "<group>";
		};
		0327BBC4209D7D3C0076C296 /* LaunchScreen.storyboard */ = {
			isa = PBXVariantGroup;
			children = (
				0327BBC5209D7D3C0076C296 /* Base */,
			);
			name = LaunchScreen.storyboard;
			sourceTree = "<group>";
		};
/* End PBXVariantGroup section */

/* Begin XCBuildConfiguration section */
		0327BBCA209D7D3C0076C296 /* Debug */ = {
			isa = XCBuildConfiguration;
			buildSettings = {
				ALWAYS_SEARCH_USER_PATHS = NO;
				CLANG_ANALYZER_NONNULL = YES;
				CLANG_ANALYZER_NUMBER_OBJECT_CONVERSION = YES_AGGRESSIVE;
				CLANG_CXX_LANGUAGE_STANDARD = "gnu++14";
				CLANG_CXX_LIBRARY = "libc++";
				CLANG_ENABLE_MODULES = YES;
				CLANG_ENABLE_OBJC_ARC = YES;
				CLANG_ENABLE_OBJC_WEAK = YES;
				CLANG_WARN_BLOCK_CAPTURE_AUTORELEASING = YES;
				CLANG_WARN_BOOL_CONVERSION = YES;
				CLANG_WARN_COMMA = YES;
				CLANG_WARN_CONSTANT_CONVERSION = YES;
				CLANG_WARN_DEPRECATED_OBJC_IMPLEMENTATIONS = YES;
				CLANG_WARN_DIRECT_OBJC_ISA_USAGE = YES_ERROR;
				CLANG_WARN_DOCUMENTATION_COMMENTS = YES;
				CLANG_WARN_EMPTY_BODY = YES;
				CLANG_WARN_ENUM_CONVERSION = YES;
				CLANG_WARN_INFINITE_RECURSION = YES;
				CLANG_WARN_INT_CONVERSION = YES;
				CLANG_WARN_NON_LITERAL_NULL_CONVERSION = YES;
				CLANG_WARN_OBJC_IMPLICIT_RETAIN_SELF = YES;
				CLANG_WARN_OBJC_LITERAL_CONVERSION = YES;
				CLANG_WARN_OBJC_ROOT_CLASS = YES_ERROR;
				CLANG_WARN_RANGE_LOOP_ANALYSIS = YES;
				CLANG_WARN_STRICT_PROTOTYPES = YES;
				CLANG_WARN_SUSPICIOUS_MOVE = YES;
				CLANG_WARN_UNGUARDED_AVAILABILITY = YES_AGGRESSIVE;
				CLANG_WARN_UNREACHABLE_CODE = YES;
				CLANG_WARN__DUPLICATE_METHOD_MATCH = YES;
				CODE_SIGN_IDENTITY = "iPhone Developer";
				COPY_PHASE_STRIP = NO;
				DEBUG_INFORMATION_FORMAT = dwarf;
				ENABLE_STRICT_OBJC_MSGSEND = YES;
				ENABLE_TESTABILITY = YES;
				GCC_C_LANGUAGE_STANDARD = gnu11;
				GCC_DYNAMIC_NO_PIC = NO;
				GCC_NO_COMMON_BLOCKS = YES;
				GCC_OPTIMIZATION_LEVEL = 0;
				GCC_PREPROCESSOR_DEFINITIONS = (
					"DEBUG=1",
					"$(inherited)",
				);
				GCC_WARN_64_TO_32_BIT_CONVERSION = YES;
				GCC_WARN_ABOUT_RETURN_TYPE = YES_ERROR;
				GCC_WARN_UNDECLARED_SELECTOR = YES;
				GCC_WARN_UNINITIALIZED_AUTOS = YES_AGGRESSIVE;
				GCC_WARN_UNUSED_FUNCTION = YES;
				GCC_WARN_UNUSED_VARIABLE = YES;
				IPHONEOS_DEPLOYMENT_TARGET = 11.3;
				MTL_ENABLE_DEBUG_INFO = YES;
				ONLY_ACTIVE_ARCH = YES;
				SDKROOT = iphoneos;
			};
			name = Debug;
		};
		0327BBCB209D7D3C0076C296 /* Release */ = {
			isa = XCBuildConfiguration;
			buildSettings = {
				ALWAYS_SEARCH_USER_PATHS = NO;
				CLANG_ANALYZER_NONNULL = YES;
				CLANG_ANALYZER_NUMBER_OBJECT_CONVERSION = YES_AGGRESSIVE;
				CLANG_CXX_LANGUAGE_STANDARD = "gnu++14";
				CLANG_CXX_LIBRARY = "libc++";
				CLANG_ENABLE_MODULES = YES;
				CLANG_ENABLE_OBJC_ARC = YES;
				CLANG_ENABLE_OBJC_WEAK = YES;
				CLANG_WARN_BLOCK_CAPTURE_AUTORELEASING = YES;
				CLANG_WARN_BOOL_CONVERSION = YES;
				CLANG_WARN_COMMA = YES;
				CLANG_WARN_CONSTANT_CONVERSION = YES;
				CLANG_WARN_DEPRECATED_OBJC_IMPLEMENTATIONS = YES;
				CLANG_WARN_DIRECT_OBJC_ISA_USAGE = YES_ERROR;
				CLANG_WARN_DOCUMENTATION_COMMENTS = YES;
				CLANG_WARN_EMPTY_BODY = YES;
				CLANG_WARN_ENUM_CONVERSION = YES;
				CLANG_WARN_INFINITE_RECURSION = YES;
				CLANG_WARN_INT_CONVERSION = YES;
				CLANG_WARN_NON_LITERAL_NULL_CONVERSION = YES;
				CLANG_WARN_OBJC_IMPLICIT_RETAIN_SELF = YES;
				CLANG_WARN_OBJC_LITERAL_CONVERSION = YES;
				CLANG_WARN_OBJC_ROOT_CLASS = YES_ERROR;
				CLANG_WARN_RANGE_LOOP_ANALYSIS = YES;
				CLANG_WARN_STRICT_PROTOTYPES = YES;
				CLANG_WARN_SUSPICIOUS_MOVE = YES;
				CLANG_WARN_UNGUARDED_AVAILABILITY = YES_AGGRESSIVE;
				CLANG_WARN_UNREACHABLE_CODE = YES;
				CLANG_WARN__DUPLICATE_METHOD_MATCH = YES;
				CODE_SIGN_IDENTITY = "iPhone Developer";
				COPY_PHASE_STRIP = NO;
				DEBUG_INFORMATION_FORMAT = "dwarf-with-dsym";
				ENABLE_NS_ASSERTIONS = NO;
				ENABLE_STRICT_OBJC_MSGSEND = YES;
				GCC_C_LANGUAGE_STANDARD = gnu11;
				GCC_NO_COMMON_BLOCKS = YES;
				GCC_WARN_64_TO_32_BIT_CONVERSION = YES;
				GCC_WARN_ABOUT_RETURN_TYPE = YES_ERROR;
				GCC_WARN_UNDECLARED_SELECTOR = YES;
				GCC_WARN_UNINITIALIZED_AUTOS = YES_AGGRESSIVE;
				GCC_WARN_UNUSED_FUNCTION = YES;
				GCC_WARN_UNUSED_VARIABLE = YES;
				IPHONEOS_DEPLOYMENT_TARGET = 11.3;
				MTL_ENABLE_DEBUG_INFO = NO;
				SDKROOT = iphoneos;
				VALIDATE_PRODUCT = YES;
			};
			name = Release;
		};
		0327BBCD209D7D3C0076C296 /* Debug */ = {
			isa = XCBuildConfiguration;
			buildSettings = {
				ASSETCATALOG_COMPILER_APPICON_NAME = AppIcon;
				CODE_SIGN_IDENTITY = "iPhone Developer";
				CODE_SIGN_STYLE = Automatic;
				DEVELOPMENT_TEAM = "";
				INFOPLIST_FILE = MAVIC/Info.plist;
				LD_RUNPATH_SEARCH_PATHS = (
					"$(inherited)",
					"@executable_path/Frameworks",
				);
				PRODUCT_BUNDLE_IDENTIFIER = com.MAVIC;
				PRODUCT_NAME = "$(TARGET_NAME)";
				PROVISIONING_PROFILE_SPECIFIER = "";
				TARGETED_DEVICE_FAMILY = "1,2";
			};
			name = Debug;
		};
		0327BBCE209D7D3C0076C296 /* Release */ = {
			isa = XCBuildConfiguration;
			buildSettings = {
				ASSETCATALOG_COMPILER_APPICON_NAME = AppIcon;
				CODE_SIGN_IDENTITY = "iPhone Developer";
				CODE_SIGN_STYLE = Automatic;
				DEVELOPMENT_TEAM = "";
				INFOPLIST_FILE = MAVIC/Info.plist;
				LD_RUNPATH_SEARCH_PATHS = (
					"$(inherited)",
					"@executable_path/Frameworks",
				);
				PRODUCT_BUNDLE_IDENTIFIER = com.MAVIC;
				PRODUCT_NAME = "$(TARGET_NAME)";
				PROVISIONING_PROFILE_SPECIFIER = "";
				TARGETED_DEVICE_FAMILY = "1,2";
			};
			name = Release;
		};
		0327BC0B209DA30D0076C296 /* Debug */ = {
			isa = XCBuildConfiguration;
			buildSettings = {
				BUNDLE_LOADER = "$(TEST_HOST)";
				CODE_SIGN_STYLE = Automatic;
				DEVELOPMENT_TEAM = 9GW7X3777M;
				INFOPLIST_FILE = MAVICTests/Info.plist;
				LD_RUNPATH_SEARCH_PATHS = (
					"$(inherited)",
					"@executable_path/Frameworks",
					"@loader_path/Frameworks",
				);
				PRODUCT_BUNDLE_IDENTIFIER = com.MAVICTests;
				PRODUCT_NAME = "$(TARGET_NAME)";
				TARGETED_DEVICE_FAMILY = "1,2";
				TEST_HOST = "$(BUILT_PRODUCTS_DIR)/MAVIC.app/MAVIC";
			};
			name = Debug;
		};
		0327BC0C209DA30D0076C296 /* Release */ = {
			isa = XCBuildConfiguration;
			buildSettings = {
				BUNDLE_LOADER = "$(TEST_HOST)";
				CODE_SIGN_STYLE = Automatic;
				DEVELOPMENT_TEAM = 9GW7X3777M;
				INFOPLIST_FILE = MAVICTests/Info.plist;
				LD_RUNPATH_SEARCH_PATHS = (
					"$(inherited)",
					"@executable_path/Frameworks",
					"@loader_path/Frameworks",
				);
				PRODUCT_BUNDLE_IDENTIFIER = com.MAVICTests;
				PRODUCT_NAME = "$(TARGET_NAME)";
				TARGETED_DEVICE_FAMILY = "1,2";
				TEST_HOST = "$(BUILT_PRODUCTS_DIR)/MAVIC.app/MAVIC";
			};
			name = Release;
		};
/* End XCBuildConfiguration section */

/* Begin XCConfigurationList section */
		0327BBB1209D7D3B0076C296 /* Build configuration list for PBXProject "MAVIC" */ = {
			isa = XCConfigurationList;
			buildConfigurations = (
				0327BBCA209D7D3C0076C296 /* Debug */,
				0327BBCB209D7D3C0076C296 /* Release */,
			);
			defaultConfigurationIsVisible = 0;
			defaultConfigurationName = Release;
		};
		0327BBCC209D7D3C0076C296 /* Build configuration list for PBXNativeTarget "MAVIC" */ = {
			isa = XCConfigurationList;
			buildConfigurations = (
				0327BBCD209D7D3C0076C296 /* Debug */,
				0327BBCE209D7D3C0076C296 /* Release */,
			);
			defaultConfigurationIsVisible = 0;
			defaultConfigurationName = Release;
		};
		0327BC0D209DA30D0076C296 /* Build configuration list for PBXNativeTarget "MAVICTests" */ = {
			isa = XCConfigurationList;
			buildConfigurations = (
				0327BC0B209DA30D0076C296 /* Debug */,
				0327BC0C209DA30D0076C296 /* Release */,
			);
			defaultConfigurationIsVisible = 0;
			defaultConfigurationName = Release;
		};
/* End XCConfigurationList section */
	};
	rootObject = 0327BBAE209D7D3B0076C296 /* Project object */;
}
